
Microsoft Visual Studio Solution File, Format Version 12.00
# Visual Studio Version 17
VisualStudioVersion = 17.8.34525.116
MinimumVisualStudioVersion = 10.0.40219.1
Project("{888888A0-9F3D-457C-B088-3A5042F75D52}") = "rtsoft_test_project", "rtsoft_test_project\rtsoft_test_project.pyproj", "{BB8A4C4A-BCD8-469E-9CB3-2626BE5D76AF}"
EndProject
Global
	GlobalSection(SolutionConfigurationPlatforms) = preSolution
		Debug|Any CPU = Debug|Any CPU
		Release|Any CPU = Release|Any CPU
	EndGlobalSection
	GlobalSection(ProjectConfigurationPlatforms) = postSolution
		{BB8A4C4A-BCD8-469E-9CB3-2626BE5D76AF}.Debug|Any CPU.ActiveCfg = Debug|Any CPU
		{BB8A4C4A-BCD8-469E-9CB3-2626BE5D76AF}.Release|Any CPU.ActiveCfg = Release|Any CPU
	EndGlobalSection
	GlobalSection(SolutionProperties) = preSolution
		HideSolutionNode = FALSE
	EndGlobalSection
	GlobalSection(ExtensibilityGlobals) = postSolution
		SolutionGuid = {CC76D15E-A239-49F3-B94B-9426D12482EE}
	EndGlobalSection
EndGlobal
